Microsoft Visual Studio Solution File, Format Version 12.00
# Visual Studio Version 17
VisualStudioVersion = 17.5.2.0
MinimumVisualStudioVersion = 10.0.40219.1
Project("{FAE04EC0-301F-11D3-BF4B-00C04F79EFBC}") = "C1NetCoreApp", "C1NetCoreApp.csproj", "{F29830AC-B273-8696-CAFB-140922A675CD}"
EndProject
Global
	GlobalSection(SolutionConfigurationPlatforms) = preSolution
		Debug|Any CPU = Debug|Any CPU
		Release|Any CPU = Release|Any CPU
	EndGlobalSection
	GlobalSection(ProjectConfigurationPlatforms) = postSolution
		{F29830AC-B273-8696-CAFB-140922A675CD}.Debug|Any CPU.ActiveCfg = Debug|Any CPU
		{F29830AC-B273-8696-CAFB-140922A675CD}.Debug|Any CPU.Build.0 = Debug|Any CPU
		{F29830AC-B273-8696-CAFB-140922A675CD}.Release|Any CPU.ActiveCfg = Release|Any CPU
		{F29830AC-B273-8696-CAFB-140922A675CD}.Release|Any CPU.Build.0 = Release|Any CPU
	EndGlobalSection
	GlobalSection(SolutionProperties) = preSolution
		HideSolutionNode = FALSE
	EndGlobalSection
	GlobalSection(ExtensibilityGlobals) = postSolution
		SolutionGuid = {A744573F-2CFF-4AF4-94A7-DBC11C9D1A7F}
	EndGlobalSection
EndGlobal
